
Microsoft Visual Studio Solution File, Format Version 12.00
# Visual Studio Version 16
VisualStudioVersion = 16.0.29319.158
MinimumVisualStudioVersion = 10.0.40219.1
Project("{FAE04EC0-301F-11D3-BF4B-00C04F79EFBC}") = "console", "console\console.csproj", "{45E93F03-D195-426F-876F-E4E7751D0172}"
EndProject
Global
	GlobalSection(SolutionConfigurationPlatforms) = preSolution
		Debug|Any CPU = Debug|Any CPU
		Release|Any CPU = Release|Any CPU
	EndGlobalSection
	GlobalSection(ProjectConfigurationPlatforms) = postSolution
		{45E93F03-D195-426F-876F-E4E7751D0172}.Debug|Any CPU.ActiveCfg = Debug|Any CPU
		{45E93F03-D195-426F-876F-E4E7751D0172}.Debug|Any CPU.Build.0 = Debug|Any CPU
		{45E93F03-D195-426F-876F-E4E7751D0172}.Release|Any CPU.ActiveCfg = Release|Any CPU
		{45E93F03-D195-426F-876F-E4E7751D0172}.Release|Any CPU.Build.0 = Release|Any CPU
	EndGlobalSection
	GlobalSection(SolutionProperties) = preSolution
		HideSolutionNode = FALSE
	EndGlobalSection
	GlobalSection(ExtensibilityGlobals) = postSolution
		SolutionGuid = {2E04DEFF-345B-4244-A050-A0A16E6767B0}
	EndGlobalSection
EndGlobal
